// !$*UTF8*$!
{
	archiveVersion = 1;
	classes = {
	};
	objectVersion = 46;
	objects = {

/* Begin PBXBuildFile section */
		026E60722C3B9EB653CEE859 /* Pods_hide_chan.framework in Frameworks */ = {isa = PBXBuildFile; fileRef = 82B205E7D04074B4DBC6BC0F /* Pods_hide_chan.framework */; };
		6D54890A1FA22085009B665B /* 377158fca2b73b083fd0aa4a4f703930.gif in Resources */ = {isa = PBXBuildFile; fileRef = 6D5489091FA22085009B665B /* 377158fca2b73b083fd0aa4a4f703930.gif */; };
		6DB71C171FA0E4B90034C0AF /* AVFoundation.framework in Frameworks */ = {isa = PBXBuildFile; fileRef = 6DB71C161FA0E4B90034C0AF /* AVFoundation.framework */; };
		6DB71C191FA0E4BF0034C0AF /* AVKit.framework in Frameworks */ = {isa = PBXBuildFile; fileRef = 6DB71C181FA0E4BF0034C0AF /* AVKit.framework */; };
		6DDA0FE91FA0536D0003F6A0 /* AppDelegate.swift in Sources */ = {isa = PBXBuildFile; fileRef = 6DDA0FE81FA0536D0003F6A0 /* AppDelegate.swift */; };
		6DDA0FEB1FA0536D0003F6A0 /* ViewController.swift in Sources */ = {isa = PBXBuildFile; fileRef = 6DDA0FEA1FA0536D0003F6A0 /* ViewController.swift */; };
		6DDA0FEE1FA0536D0003F6A0 /* Main.storyboard in Resources */ = {isa = PBXBuildFile; fileRef = 6DDA0FEC1FA0536D0003F6A0 /* Main.storyboard */; };
		6DDA0FF01FA0536D0003F6A0 /* Assets.xcassets in Resources */ = {isa = PBXBuildFile; fileRef = 6DDA0FEF1FA0536D0003F6A0 /* Assets.xcassets */; };
		6DDA0FF31FA0536D0003F6A0 /* LaunchScreen.storyboard in Resources */ = {isa = PBXBuildFile; fileRef = 6DDA0FF11FA0536D0003F6A0 /* LaunchScreen.storyboard */; };
		6DDA0FFE1FA0536E0003F6A0 /* hide_chanTests.swift in Sources */ = {isa = PBXBuildFile; fileRef = 6DDA0FFD1FA0536E0003F6A0 /* hide_chanTests.swift */; };
		6DDA10091FA0536E0003F6A0 /* hide_chanUITests.swift in Sources */ = {isa = PBXBuildFile; fileRef = 6DDA10081FA0536E0003F6A0 /* hide_chanUITests.swift */; };
		6DFCC4B81FA20338007F699B /* Podfile in Resources */ = {isa = PBXBuildFile; fileRef = 6DFCC4B71FA20338007F699B /* Podfile */; };
/* End PBXBuildFile section */

/* Begin PBXContainerItemProxy section */
		6DDA0FFA1FA0536E0003F6A0 /* PBXContainerItemProxy */ = {
			isa = PBXContainerItemProxy;
			containerPortal = 6DDA0FDD1FA0536D0003F6A0 /* Project object */;
			proxyType = 1;
			remoteGlobalIDString = 6DDA0FE41FA0536D0003F6A0;
			remoteInfo = hide_chan;
		};
		6DDA10051FA0536E0003F6A0 /* PBXContainerItemProxy */ = {
			isa = PBXContainerItemProxy;
			containerPortal = 6DDA0FDD1FA0536D0003F6A0 /* Project object */;
			proxyType = 1;
			remoteGlobalIDString = 6DDA0FE41FA0536D0003F6A0;
			remoteInfo = hide_chan;
		};
/* End PBXContainerItemProxy section */

/* Begin PBXFileReference section */
		16BE0928809447EB5DD760CE /* Pods-hide_chan.debug.xcconfig */ = {isa = PBXFileReference; includeInIndex = 1; lastKnownFileType = text.xcconfig; name = "Pods-hide_chan.debug.xcconfig"; path = "Pods/Target Support Files/Pods-hide_chan/Pods-hide_chan.debug.xcconfig"; sourceTree = "<group>"; };
		4F79B7AC5014B0CE09618A7E /* Pods-hide_chan.release.xcconfig */ = {isa = PBXFileReference; includeInIndex = 1; lastKnownFileType = text.xcconfig; name = "Pods-hide_chan.release.xcconfig"; path = "Pods/Target Support Files/Pods-hide_chan/Pods-hide_chan.release.xcconfig"; sourceTree = "<group>"; };
		6D5489091FA22085009B665B /* 377158fca2b73b083fd0aa4a4f703930.gif */ = {isa = PBXFileReference; lastKnownFileType = image.gif; path = 377158fca2b73b083fd0aa4a4f703930.gif; sourceTree = "<group>"; };
		6DB71C161FA0E4B90034C0AF /* AVFoundation.framework */ = {isa = PBXFileReference; lastKnownFileType = wrapper.framework; name = AVFoundation.framework; path = System/Library/Frameworks/AVFoundation.framework; sourceTree = SDKROOT; };
		6DB71C181FA0E4BF0034C0AF /* AVKit.framework */ = {isa = PBXFileReference; lastKnownFileType = wrapper.framework; name = AVKit.framework; path = System/Library/Frameworks/AVKit.framework; sourceTree = SDKROOT; };
		6DDA0FE51FA0536D0003F6A0 /* hide_chan.app */ = {isa = PBXFileReference; explicitFileType = wrapper.application; includeInIndex = 0; path = hide_chan.app; sourceTree = BUILT_PRODUCTS_DIR; };
		6DDA0FE81FA0536D0003F6A0 /* AppDelegate.swift */ = {isa = PBXFileReference; lastKnownFileType = sourcecode.swift; path = AppDelegate.swift; sourceTree = "<group>"; };
		6DDA0FEA1FA0536D0003F6A0 /* ViewController.swift */ = {isa = PBXFileReference; lastKnownFileType = sourcecode.swift; path = ViewController.swift; sourceTree = "<group>"; };
		6DDA0FED1FA0536D0003F6A0 /* Base */ = {isa = PBXFileReference; lastKnownFileType = file.storyboard; name = Base; path = Base.lproj/Main.storyboard; sourceTree = "<group>"; };
		6DDA0FEF1FA0536D0003F6A0 /* Assets.xcassets */ = {isa = PBXFileReference; lastKnownFileType = folder.assetcatalog; path = Assets.xcassets; sourceTree = "<group>"; };
		6DDA0FF21FA0536D0003F6A0 /* Base */ = {isa = PBXFileReference; lastKnownFileType = file.storyboard; name = Base; path = Base.lproj/LaunchScreen.storyboard; sourceTree = "<group>"; };
		6DDA0FF41FA0536D0003F6A0 /* Info.plist */ = {isa = PBXFileReference; lastKnownFileType = text.plist.xml; path = Info.plist; sourceTree = "<group>"; };
		6DDA0FF91FA0536E0003F6A0 /* hide_chanTests.xctest */ = {isa = PBXFileReference; explicitFileType = wrapper.cfbundle; includeInIndex = 0; path = hide_chanTests.xctest; sourceTree = BUILT_PRODUCTS_DIR; };
		6DDA0FFD1FA0536E0003F6A0 /* hide_chanTests.swift */ = {isa = PBXFileReference; lastKnownFileType = sourcecode.swift; path = hide_chanTests.swift; sourceTree = "<group>"; };
		6DDA0FFF1FA0536E0003F6A0 /* Info.plist */ = {isa = PBXFileReference; lastKnownFileType = text.plist.xml; path = Info.plist; sourceTree = "<group>"; };
		6DDA10041FA0536E0003F6A0 /* hide_chanUITests.xctest */ = {isa = PBXFileReference; explicitFileType = wrapper.cfbundle; includeInIndex = 0; path = hide_chanUITests.xctest; sourceTree = BUILT_PRODUCTS_DIR; };
		6DDA10081FA0536E0003F6A0 /* hide_chanUITests.swift */ = {isa = PBXFileReference; lastKnownFileType = sourcecode.swift; path = hide_chanUITests.swift; sourceTree = "<group>"; };
		6DDA100A1FA0536E0003F6A0 /* Info.plist */ = {isa = PBXFileReference; lastKnownFileType = text.plist.xml; path = Info.plist; sourceTree = "<group>"; };
		6DFCC4B71FA20338007F699B /* Podfile */ = {isa = PBXFileReference; fileEncoding = 4; lastKnownFileType = text; path = Podfile; sourceTree = "<group>"; xcLanguageSpecificationIdentifier = xcode.lang.ruby; };
		82B205E7D04074B4DBC6BC0F /* Pods_hide_chan.framework */ = {isa = PBXFileReference; explicitFileType = wrapper.framework; includeInIndex = 0; path = Pods_hide_chan.framework; sourceTree = BUILT_PRODUCTS_DIR; };
/* End PBXFileReference section */

/* Begin PBXFrameworksBuildPhase section */
		6DDA0FE21FA0536D0003F6A0 /* Frameworks */ = {
			isa = PBXFrameworksBuildPhase;
			buildActionMask = 2147483647;
			files = (
				6DB71C191FA0E4BF0034C0AF /* AVKit.framework in Frameworks */,
				6DB71C171FA0E4B90034C0AF /* AVFoundation.framework in Frameworks */,
				026E60722C3B9EB653CEE859 /* Pods_hide_chan.framework in Frameworks */,
			);
			runOnlyForDeploymentPostprocessing = 0;
		};
		6DDA0FF61FA0536E0003F6A0 /* Frameworks */ = {
			isa = PBXFrameworksBuildPhase;
			buildActionMask = 2147483647;
			files = (
			);
			runOnlyForDeploymentPostprocessing = 0;
		};
		6DDA10011FA0536E0003F6A0 /* Frameworks */ = {
			isa = PBXFrameworksBuildPhase;
			buildActionMask = 2147483647;
			files = (
			);
			runOnlyForDeploymentPostprocessing = 0;
		};
/* End PBXFrameworksBuildPhase section */

/* Begin PBXGroup section */
		1892A3F199AA603A2A279A34 /* Pods */ = {
			isa = PBXGroup;
			children = (
				16BE0928809447EB5DD760CE /* Pods-hide_chan.debug.xcconfig */,
				4F79B7AC5014B0CE09618A7E /* Pods-hide_chan.release.xcconfig */,
			);
			name = Pods;
			sourceTree = "<group>";
		};
		6DB71C151FA0E4B90034C0AF /* Frameworks */ = {
			isa = PBXGroup;
			children = (
				6DB71C181FA0E4BF0034C0AF /* AVKit.framework */,
				6DB71C161FA0E4B90034C0AF /* AVFoundation.framework */,
				82B205E7D04074B4DBC6BC0F /* Pods_hide_chan.framework */,
			);
			name = Frameworks;
			sourceTree = "<group>";
		};
		6DDA0FDC1FA0536D0003F6A0 = {
			isa = PBXGroup;
			children = (
				6DFCC4B71FA20338007F699B /* Podfile */,
				6DDA0FE71FA0536D0003F6A0 /* hide_chan */,
				6DDA0FFC1FA0536E0003F6A0 /* hide_chanTests */,
				6DDA10071FA0536E0003F6A0 /* hide_chanUITests */,
				6DDA0FE61FA0536D0003F6A0 /* Products */,
				6DB71C151FA0E4B90034C0AF /* Frameworks */,
				1892A3F199AA603A2A279A34 /* Pods */,
			);
			sourceTree = "<group>";
		};
		6DDA0FE61FA0536D0003F6A0 /* Products */ = {
			isa = PBXGroup;
			children = (
				6DDA0FE51FA0536D0003F6A0 /* hide_chan.app */,
				6DDA0FF91FA0536E0003F6A0 /* hide_chanTests.xctest */,
				6DDA10041FA0536E0003F6A0 /* hide_chanUITests.xctest */,
			);
			name = Products;
			sourceTree = "<group>";
		};
		6DDA0FE71FA0536D0003F6A0 /* hide_chan */ = {
			isa = PBXGroup;
			children = (
				6D5489091FA22085009B665B /* 377158fca2b73b083fd0aa4a4f703930.gif */,
				6DDA0FE81FA0536D0003F6A0 /* AppDelegate.swift */,
				6DDA0FEA1FA0536D0003F6A0 /* ViewController.swift */,
				6DDA0FEC1FA0536D0003F6A0 /* Main.storyboard */,
				6DDA0FEF1FA0536D0003F6A0 /* Assets.xcassets */,
				6DDA0FF11FA0536D0003F6A0 /* LaunchScreen.storyboard */,
				6DDA0FF41FA0536D0003F6A0 /* Info.plist */,
			);
			path = hide_chan;
			sourceTree = "<group>";
		};
		6DDA0FFC1FA0536E0003F6A0 /* hide_chanTests */ = {
			isa = PBXGroup;
			children = (
				6DDA0FFD1FA0536E0003F6A0 /* hide_chanTests.swift */,
				6DDA0FFF1FA0536E0003F6A0 /* Info.plist */,
			);
			path = hide_chanTests;
			sourceTree = "<group>";
		};
		6DDA10071FA0536E0003F6A0 /* hide_chanUITests */ = {
			isa = PBXGroup;
			children = (
				6DDA10081FA0536E0003F6A0 /* hide_chanUITests.swift */,
				6DDA100A1FA0536E0003F6A0 /* Info.plist */,
			);
			path = hide_chanUITests;
			sourceTree = "<group>";
		};
/* End PBXGroup section */

/* Begin PBXNativeTarget section */
		6DDA0FE41FA0536D0003F6A0 /* hide_chan */ = {
			isa = PBXNativeTarget;
			buildConfigurationList = 6DDA100D1FA0536E0003F6A0 /* Build configuration list for PBXNativeTarget "hide_chan" */;
			buildPhases = (
				16A8050A2FD6AA8731C6086A /* [CP] Check Pods Manifest.lock */,
				6DDA0FE11FA0536D0003F6A0 /* Sources */,
				6DDA0FE21FA0536D0003F6A0 /* Frameworks */,
				6DDA0FE31FA0536D0003F6A0 /* Resources */,
				D2DD478FDCC318DBEAA92FFA /* [CP] Embed Pods Frameworks */,
				599EDD5167BF446A287DC116 /* [CP] Copy Pods Resources */,
			);
			buildRules = (
			);
			dependencies = (
			);
			name = hide_chan;
			productName = hide_chan;
			productReference = 6DDA0FE51FA0536D0003F6A0 /* hide_chan.app */;
			productType = "com.apple.product-type.application";
		};
		6DDA0FF81FA0536E0003F6A0 /* hide_chanTests */ = {
			isa = PBXNativeTarget;
			buildConfigurationList = 6DDA10101FA0536E0003F6A0 /* Build configuration list for PBXNativeTarget "hide_chanTests" */;
			buildPhases = (
				6DDA0FF51FA0536E0003F6A0 /* Sources */,
				6DDA0FF61FA0536E0003F6A0 /* Frameworks */,
				6DDA0FF71FA0536E0003F6A0 /* Resources */,
			);
			buildRules = (
			);
			dependencies = (
				6DDA0FFB1FA0536E0003F6A0 /* PBXTargetDependency */,
			);
			name = hide_chanTests;
			productName = hide_chanTests;
			productReference = 6DDA0FF91FA0536E0003F6A0 /* hide_chanTests.xctest */;
			productType = "com.apple.product-type.bundle.unit-test";
		};
		6DDA10031FA0536E0003F6A0 /* hide_chanUITests */ = {
			isa = PBXNativeTarget;
			buildConfigurationList = 6DDA10131FA0536E0003F6A0 /* Build configuration list for PBXNativeTarget "hide_chanUITests" */;
			buildPhases = (
				6DDA10001FA0536E0003F6A0 /* Sources */,
				6DDA10011FA0536E0003F6A0 /* Frameworks */,
				6DDA10021FA0536E0003F6A0 /* Resources */,
			);
			buildRules = (
			);
			dependencies = (
				6DDA10061FA0536E0003F6A0 /* PBXTargetDependency */,
			);
			name = hide_chanUITests;
			productName = hide_chanUITests;
			productReference = 6DDA10041FA0536E0003F6A0 /* hide_chanUITests.xctest */;
			productType = "com.apple.product-type.bundle.ui-testing";
		};
/* End PBXNativeTarget section */

/* Begin PBXProject section */
		6DDA0FDD1FA0536D0003F6A0 /* Project object */ = {
			isa = PBXProject;
			attributes = {
				LastSwiftUpdateCheck = 0820;
				LastUpgradeCheck = 0820;
				ORGANIZATIONNAME = routeflags;
				TargetAttributes = {
					6DDA0FE41FA0536D0003F6A0 = {
						CreatedOnToolsVersion = 8.2.1;
						DevelopmentTeam = ZLN98SYP48;
						ProvisioningStyle = Automatic;
					};
					6DDA0FF81FA0536E0003F6A0 = {
						CreatedOnToolsVersion = 8.2.1;
						ProvisioningStyle = Automatic;
						TestTargetID = 6DDA0FE41FA0536D0003F6A0;
					};
					6DDA10031FA0536E0003F6A0 = {
						CreatedOnToolsVersion = 8.2.1;
						ProvisioningStyle = Automatic;
						TestTargetID = 6DDA0FE41FA0536D0003F6A0;
					};
				};
			};
			buildConfigurationList = 6DDA0FE01FA0536D0003F6A0 /* Build configuration list for PBXProject "hide_chan" */;
			compatibilityVersion = "Xcode 3.2";
			developmentRegion = English;
			hasScannedForEncodings = 0;
			knownRegions = (
				en,
				Base,
			);
			mainGroup = 6DDA0FDC1FA0536D0003F6A0;
			productRefGroup = 6DDA0FE61FA0536D0003F6A0 /* Products */;
			projectDirPath = "";
			projectRoot = "";
			targets = (
				6DDA0FE41FA0536D0003F6A0 /* hide_chan */,
				6DDA0FF81FA0536E0003F6A0 /* hide_chanTests */,
				6DDA10031FA0536E0003F6A0 /* hide_chanUITests */,
			);
		};
/* End PBXProject section */

/* Begin PBXResourcesBuildPhase section */
		6DDA0FE31FA0536D0003F6A0 /* Resources */ = {
			isa = PBXResourcesBuildPhase;
			buildActionMask = 2147483647;
			files = (
				6DDA0FF31FA0536D0003F6A0 /* LaunchScreen.storyboard in Resources */,
				6DDA0FF01FA0536D0003F6A0 /* Assets.xcassets in Resources */,
				6DFCC4B81FA20338007F699B /* Podfile in Resources */,
				6DDA0FEE1FA0536D0003F6A0 /* Main.storyboard in Resources */,
				6D54890A1FA22085009B665B /* 377158fca2b73b083fd0aa4a4f703930.gif in Resources */,
			);
			runOnlyForDeploymentPostprocessing = 0;
		};
		6DDA0FF71FA0536E0003F6A0 /* Resources */ = {
			isa = PBXResourcesBuildPhase;
			buildActionMask = 2147483647;
			files = (
			);
			runOnlyForDeploymentPostprocessing = 0;
		};
		6DDA10021FA0536E0003F6A0 /* Resources */ = {
			isa = PBXResourcesBuildPhase;
			buildActionMask = 2147483647;
			files = (
			);
			runOnlyForDeploymentPostprocessing = 0;
		};
/* End PBXResourcesBuildPhase section */

/* Begin PBXShellScriptBuildPhase section */
		16A8050A2FD6AA8731C6086A /* [CP] Check Pods Manifest.lock */ = {
			isa = PBXShellScriptBuildPhase;
			buildActionMask = 2147483647;
			files = (
			);
			inputPaths = (
				"${PODS_PODFILE_DIR_PATH}/Podfile.lock",
				"${PODS_ROOT}/Manifest.lock",
			);
			name = "[CP] Check Pods Manifest.lock";
			outputPaths = (
				"$(DERIVED_FILE_DIR)/Pods-hide_chan-checkManifestLockResult.txt",
			);
			runOnlyForDeploymentPostprocessing = 0;
			shellPath = /bin/sh;
			shellScript = "diff \"${PODS_PODFILE_DIR_PATH}/Podfile.lock\" \"${PODS_ROOT}/Manifest.lock\" > /dev/null\nif [ $? != 0 ] ; then\n    # print error to STDERR\n    echo \"error: The sandbox is not in sync with the Podfile.lock. Run 'pod install' or update your CocoaPods installation.\" >&2\n    exit 1\nfi\n# This output is used by Xcode 'outputs' to avoid re-running this script phase.\necho \"SUCCESS\" > \"${SCRIPT_OUTPUT_FILE_0}\"\n";
			showEnvVarsInLog = 0;
		};
		599EDD5167BF446A287DC116 /* [CP] Copy Pods Resources */ = {
			isa = PBXShellScriptBuildPhase;
			buildActionMask = 2147483647;
			files = (
			);
			inputPaths = (
			);
			name = "[CP] Copy Pods Resources";
			outputPaths = (
			);
			runOnlyForDeploymentPostprocessing = 0;
			shellPath = /bin/sh;
			shellScript = "\"${SRCROOT}/Pods/Target Support Files/Pods-hide_chan/Pods-hide_chan-resources.sh\"\n";
			showEnvVarsInLog = 0;
		};
		D2DD478FDCC318DBEAA92FFA /* [CP] Embed Pods Frameworks */ = {
			isa = PBXShellScriptBuildPhase;
			buildActionMask = 2147483647;
			files = (
			);
			inputPaths = (
				"${SRCROOT}/Pods/Target Support Files/Pods-hide_chan/Pods-hide_chan-frameworks.sh",
				"${BUILT_PRODUCTS_DIR}/SwiftGifOrigin/SwiftGifOrigin.framework",
			);
			name = "[CP] Embed Pods Frameworks";
			outputPaths = (
				"${TARGET_BUILD_DIR}/${FRAMEWORKS_FOLDER_PATH}/SwiftGifOrigin.framework",
			);
			runOnlyForDeploymentPostprocessing = 0;
			shellPath = /bin/sh;
			shellScript = "\"${SRCROOT}/Pods/Target Support Files/Pods-hide_chan/Pods-hide_chan-frameworks.sh\"\n";
			showEnvVarsInLog = 0;
		};
/* End PBXShellScriptBuildPhase section */

/* Begin PBXSourcesBuildPhase section */
		6DDA0FE11FA0536D0003F6A0 /* Sources */ = {
			isa = PBXSourcesBuildPhase;
			buildActionMask = 2147483647;
			files = (
				6DDA0FEB1FA0536D0003F6A0 /* ViewController.swift in Sources */,
				6DDA0FE91FA0536D0003F6A0 /* AppDelegate.swift in Sources */,
			);
			runOnlyForDeploymentPostprocessing = 0;
		};
		6DDA0FF51FA0536E0003F6A0 /* Sources */ = {
			isa = PBXSourcesBuildPhase;
			buildActionMask = 2147483647;
			files = (
				6DDA0FFE1FA0536E0003F6A0 /* hide_chanTests.swift in Sources */,
			);
			runOnlyForDeploymentPostprocessing = 0;
		};
		6DDA10001FA0536E0003F6A0 /* Sources */ = {
			isa = PBXSourcesBuildPhase;
			buildActionMask = 2147483647;
			files = (
				6DDA10091FA0536E0003F6A0 /* hide_chanUITests.swift in Sources */,
			);
			runOnlyForDeploymentPostprocessing = 0;
		};
/* End PBXSourcesBuildPhase section */

/* Begin PBXTargetDependency section */
		6DDA0FFB1FA0536E0003F6A0 /* PBXTargetDependency */ = {
			isa = PBXTargetDependency;
			target = 6DDA0FE41FA0536D0003F6A0 /* hide_chan */;
			targetProxy = 6DDA0FFA1FA0536E0003F6A0 /* PBXContainerItemProxy */;
		};
		6DDA10061FA0536E0003F6A0 /* PBXTargetDependency */ = {
			isa = PBXTargetDependency;
			target = 6DDA0FE41FA0536D0003F6A0 /* hide_chan */;
			targetProxy = 6DDA10051FA0536E0003F6A0 /* PBXContainerItemProxy */;
		};
/* End PBXTargetDependency section */

/* Begin PBXVariantGroup section */
		6DDA0FEC1FA0536D0003F6A0 /* Main.storyboard */ = {
			isa = PBXVariantGroup;
			children = (
				6DDA0FED1FA0536D0003F6A0 /* Base */,
			);
			name = Main.storyboard;
			sourceTree = "<group>";
		};
		6DDA0FF11FA0536D0003F6A0 /* LaunchScreen.storyboard */ = {
			isa = PBXVariantGroup;
			children = (
				6DDA0FF21FA0536D0003F6A0 /* Base */,
			);
			name = LaunchScreen.storyboard;
			sourceTree = "<group>";
		};
/* End PBXVariantGroup section */

/* Begin XCBuildConfiguration section */
		6DDA100B1FA0536E0003F6A0 /* Debug */ = {
			isa = XCBuildConfiguration;
			buildSettings = {
				ALWAYS_SEARCH_USER_PATHS = NO;
				CLANG_ANALYZER_NONNULL = YES;
				CLANG_CXX_LANGUAGE_STANDARD = "gnu++0x";
				CLANG_CXX_LIBRARY = "libc++";
				CLANG_ENABLE_MODULES = YES;
				CLANG_ENABLE_OBJC_ARC = YES;
				CLANG_WARN_BOOL_CONVERSION = YES;
				CLANG_WARN_CONSTANT_CONVERSION = YES;
				CLANG_WARN_DIRECT_OBJC_ISA_USAGE = YES_ERROR;
				CLANG_WARN_DOCUMENTATION_COMMENTS = YES;
				CLANG_WARN_EMPTY_BODY = YES;
				CLANG_WARN_ENUM_CONVERSION = YES;
				CLANG_WARN_INFINITE_RECURSION = YES;
				CLANG_WARN_INT_CONVERSION = YES;
				CLANG_WARN_OBJC_ROOT_CLASS = YES_ERROR;
				CLANG_WARN_SUSPICIOUS_MOVE = YES;
				CLANG_WARN_UNREACHABLE_CODE = YES;
				CLANG_WARN__DUPLICATE_METHOD_MATCH = YES;
				"CODE_SIGN_IDENTITY[sdk=iphoneos*]" = "iPhone Developer";
				COPY_PHASE_STRIP = NO;
				DEBUG_INFORMATION_FORMAT = dwarf;
				ENABLE_STRICT_OBJC_MSGSEND = YES;
				ENABLE_TESTABILITY = YES;
				GCC_C_LANGUAGE_STANDARD = gnu99;
				GCC_DYNAMIC_NO_PIC = NO;
				GCC_NO_COMMON_BLOCKS = YES;
				GCC_OPTIMIZATION_LEVEL = 0;
				GCC_PREPROCESSOR_DEFINITIONS = (
					"DEBUG=1",
					"$(inherited)",
				);
				GCC_WARN_64_TO_32_BIT_CONVERSION = YES;
				GCC_WARN_ABOUT_RETURN_TYPE = YES_ERROR;
				GCC_WARN_UNDECLARED_SELECTOR = YES;
				GCC_WARN_UNINITIALIZED_AUTOS = YES_AGGRESSIVE;
				GCC_WARN_UNUSED_FUNCTION = YES;
				GCC_WARN_UNUSED_VARIABLE = YES;
				IPHONEOS_DEPLOYMENT_TARGET = 8.0;
				MTL_ENABLE_DEBUG_INFO = YES;
				ONLY_ACTIVE_ARCH = YES;
				SDKROOT = iphoneos;
				SWIFT_ACTIVE_COMPILATION_CONDITIONS = DEBUG;
				SWIFT_OPTIMIZATION_LEVEL = "-Onone";
			};
			name = Debug;
		};
		6DDA100C1FA0536E0003F6A0 /* Release */ = {
			isa = XCBuildConfiguration;
			buildSettings = {
				ALWAYS_SEARCH_USER_PATHS = NO;
				CLANG_ANALYZER_NONNULL = YES;
				CLANG_CXX_LANGUAGE_STANDARD = "gnu++0x";
				CLANG_CXX_LIBRARY = "libc++";
				CLANG_ENABLE_MODULES = YES;
				CLANG_ENABLE_OBJC_ARC = YES;
				CLANG_WARN_BOOL_CONVERSION = YES;
				CLANG_WARN_CONSTANT_CONVERSION = YES;
				CLANG_WARN_DIRECT_OBJC_ISA_USAGE = YES_ERROR;
				CLANG_WARN_DOCUMENTATION_COMMENTS = YES;
				CLANG_WARN_EMPTY_BODY = YES;
				CLANG_WARN_ENUM_CONVERSION = YES;
				CLANG_WARN_INFINITE_RECURSION = YES;
				CLANG_WARN_INT_CONVERSION = YES;
				CLANG_WARN_OBJC_ROOT_CLASS = YES_ERROR;
				CLANG_WARN_SUSPICIOUS_MOVE = YES;
				CLANG_WARN_UNREACHABLE_CODE = YES;
				CLANG_WARN__DUPLICATE_METHOD_MATCH = YES;
				"CODE_SIGN_IDENTITY[sdk=iphoneos*]" = "iPhone Developer";
				COPY_PHASE_STRIP = NO;
				DEBUG_INFORMATION_FORMAT = "dwarf-with-dsym";
				ENABLE_NS_ASSERTIONS = NO;
				ENABLE_STRICT_OBJC_MSGSEND = YES;
				GCC_C_LANGUAGE_STANDARD = gnu99;
				GCC_NO_COMMON_BLOCKS = YES;
				GCC_WARN_64_TO_32_BIT_CONVERSION = YES;
				GCC_WARN_ABOUT_RETURN_TYPE = YES_ERROR;
				GCC_WARN_UNDECLARED_SELECTOR = YES;
				GCC_WARN_UNINITIALIZED_AUTOS = YES_AGGRESSIVE;
				GCC_WARN_UNUSED_FUNCTION = YES;
				GCC_WARN_UNUSED_VARIABLE = YES;
				IPHONEOS_DEPLOYMENT_TARGET = 8.0;
				MTL_ENABLE_DEBUG_INFO = NO;
				SDKROOT = iphoneos;
				SWIFT_OPTIMIZATION_LEVEL = "-Owholemodule";
				VALIDATE_PRODUCT = YES;
			};
			name = Release;
		};
		6DDA100E1FA0536E0003F6A0 /* Debug */ = {
			isa = XCBuildConfiguration;
			baseConfigurationReference = 16BE0928809447EB5DD760CE /* Pods-hide_chan.debug.xcconfig */;
			buildSettings = {
				ASSETCATALOG_COMPILER_APPICON_NAME = "AppIcon-1";
				ASSETCATALOG_COMPILER_LAUNCHIMAGE_NAME = LaunchImage;
				DEVELOPMENT_TEAM = ZLN98SYP48;
				INFOPLIST_FILE = hide_chan/Info.plist;
				LD_RUNPATH_SEARCH_PATHS = "$(inherited) @executable_path/Frameworks";
				PRODUCT_BUNDLE_IDENTIFIER = com.routeflags.hidechan;
				PRODUCT_NAME = "$(TARGET_NAME)";
				SWIFT_VERSION = 3.0;
				TARGETED_DEVICE_FAMILY = "1,2";
			};
			name = Debug;
		};
		6DDA100F1FA0536E0003F6A0 /* Release */ = {
			isa = XCBuildConfiguration;
			baseConfigurationReference = 4F79B7AC5014B0CE09618A7E /* Pods-hide_chan.release.xcconfig */;
			buildSettings = {
				ASSETCATALOG_COMPILER_APPICON_NAME = "AppIcon-1";
				ASSETCATALOG_COMPILER_LAUNCHIMAGE_NAME = LaunchImage;
				DEVELOPMENT_TEAM = ZLN98SYP48;
				INFOPLIST_FILE = hide_chan/Info.plist;
				LD_RUNPATH_SEARCH_PATHS = "$(inherited) @executable_path/Frameworks";
				PRODUCT_BUNDLE_IDENTIFIER = com.routeflags.hidechan;
				PRODUCT_NAME = "$(TARGET_NAME)";
				SKIP_INSTALL = NO;
				SWIFT_VERSION = 3.0;
				TARGETED_DEVICE_FAMILY = "1,2";
			};
			name = Release;
		};
		6DDA10111FA0536E0003F6A0 /* Debug */ = {
			isa = XCBuildConfiguration;
			buildSettings = {
				ALWAYS_EMBED_SWIFT_STANDARD_LIBRARIES = YES;
				BUNDLE_LOADER = "$(TEST_HOST)";
				INFOPLIST_FILE = hide_chanTests/Info.plist;
				LD_RUNPATH_SEARCH_PATHS = "$(inherited) @executable_path/Frameworks @loader_path/Frameworks";
				PRODUCT_BUNDLE_IDENTIFIER = "com.routeflags.hide-chanTests";
				PRODUCT_NAME = "$(TARGET_NAME)";
				SWIFT_VERSION = 3.0;
				TEST_HOST = "$(BUILT_PRODUCTS_DIR)/hide_chan.app/hide_chan";
			};
			name = Debug;
		};
		6DDA10121FA0536E0003F6A0 /* Release */ = {
			isa = XCBuildConfiguration;
			buildSettings = {
				ALWAYS_EMBED_SWIFT_STANDARD_LIBRARIES = YES;
				BUNDLE_LOADER = "$(TEST_HOST)";
				INFOPLIST_FILE = hide_chanTests/Info.plist;
				LD_RUNPATH_SEARCH_PATHS = "$(inherited) @executable_path/Frameworks @loader_path/Frameworks";
				PRODUCT_BUNDLE_IDENTIFIER = "com.routeflags.hide-chanTests";
				PRODUCT_NAME = "$(TARGET_NAME)";
				SWIFT_VERSION = 3.0;
				TEST_HOST = "$(BUILT_PRODUCTS_DIR)/hide_chan.app/hide_chan";
			};
			name = Release;
		};
		6DDA10141FA0536E0003F6A0 /* Debug */ = {
			isa = XCBuildConfiguration;
			buildSettings = {
				ALWAYS_EMBED_SWIFT_STANDARD_LIBRARIES = YES;
				INFOPLIST_FILE = hide_chanUITests/Info.plist;
				LD_RUNPATH_SEARCH_PATHS = "$(inherited) @executable_path/Frameworks @loader_path/Frameworks";
				PRODUCT_BUNDLE_IDENTIFIER = "com.routeflags.hide-chanUITests";
				PRODUCT_NAME = "$(TARGET_NAME)";
				SWIFT_VERSION = 3.0;
				TEST_TARGET_NAME = hide_chan;
			};
			name = Debug;
		};
		6DDA10151FA0536E0003F6A0 /* Release */ = {
			isa = XCBuildConfiguration;
			buildSettings = {
				ALWAYS_EMBED_SWIFT_STANDARD_LIBRARIES = YES;
				INFOPLIST_FILE = hide_chanUITests/Info.plist;
				LD_RUNPATH_SEARCH_PATHS = "$(inherited) @executable_path/Frameworks @loader_path/Frameworks";
				PRODUCT_BUNDLE_IDENTIFIER = "com.routeflags.hide-chanUITests";
				PRODUCT_NAME = "$(TARGET_NAME)";
				SWIFT_VERSION = 3.0;
				TEST_TARGET_NAME = hide_chan;
			};
			name = Release;
		};
/* End XCBuildConfiguration section */

/* Begin XCConfigurationList section */
		6DDA0FE01FA0536D0003F6A0 /* Build configuration list for PBXProject "hide_chan" */ = {
			isa = XCConfigurationList;
			buildConfigurations = (
				6DDA100B1FA0536E0003F6A0 /* Debug */,
				6DDA100C1FA0536E0003F6A0 /* Release */,
			);
			defaultConfigurationIsVisible = 0;
			defaultConfigurationName = Release;
		};
		6DDA100D1FA0536E0003F6A0 /* Build configuration list for PBXNativeTarget "hide_chan" */ = {
			isa = XCConfigurationList;
			buildConfigurations = (
				6DDA100E1FA0536E0003F6A0 /* Debug */,
				6DDA100F1FA0536E0003F6A0 /* Release */,
			);
			defaultConfigurationIsVisible = 0;
			defaultConfigurationName = Release;
		};
		6DDA10101FA0536E0003F6A0 /* Build configuration list for PBXNativeTarget "hide_chanTests" */ = {
			isa = XCConfigurationList;
			buildConfigurations = (
				6DDA10111FA0536E0003F6A0 /* Debug */,
				6DDA10121FA0536E0003F6A0 /* Release */,
			);
			defaultConfigurationIsVisible = 0;
			defaultConfigurationName = Release;
		};
		6DDA10131FA0536E0003F6A0 /* Build configuration list for PBXNativeTarget "hide_chanUITests" */ = {
			isa = XCConfigurationList;
			buildConfigurations = (
				6DDA10141FA0536E0003F6A0 /* Debug */,
				6DDA10151FA0536E0003F6A0 /* Release */,
			);
			defaultConfigurationIsVisible = 0;
			defaultConfigurationName = Release;
		};
/* End XCConfigurationList section */
	};
	rootObject = 6DDA0FDD1FA0536D0003F6A0 /* Project object */;
}
